
Microsoft Visual Studio Solution File, Format Version 12.00
# Visual Studio 2013
VisualStudioVersion = 12.0.21005.1
MinimumVisualStudioVersion = 10.0.40219.1
Project("{8BC9CEB8-8B4A-11D0-8D11-00A0C91BC942}") = "Scope_And_Unary Scope Resolution_C++", "Scope_And_Unary Scope Resolution_C++\Scope_And_Unary Scope Resolution_C++.vcxproj", "{6D7ED61B-61DE-4300-AB28-6E4A9DD5C6B2}"
EndProject
Global
	GlobalSection(SolutionConfigurationPlatforms) = preSolution
		Debug|Win32 = Debug|Win32
		Release|Win32 = Release|Win32
	EndGlobalSection
	GlobalSection(ProjectConfigurationPlatforms) = postSolution
		{6D7ED61B-61DE-4300-AB28-6E4A9DD5C6B2}.Debug|Win32.ActiveCfg = Debug|Win32
		{6D7ED61B-61DE-4300-AB28-6E4A9DD5C6B2}.Debug|Win32.Build.0 = Debug|Win32
		{6D7ED61B-61DE-4300-AB28-6E4A9DD5C6B2}.Release|Win32.ActiveCfg = Release|Win32
		{6D7ED61B-61DE-4300-AB28-6E4A9DD5C6B2}.Release|Win32.Build.0 = Release|Win32
	EndGlobalSection
	GlobalSection(SolutionProperties) = preSolution
		HideSolutionNode = FALSE
	EndGlobalSection
EndGlobal
