
Microsoft Visual Studio Solution File, Format Version 12.00
# Visual Studio 2013
VisualStudioVersion = 12.0.21005.1
MinimumVisualStudioVersion = 10.0.40219.1
Project("{8BC9CEB8-8B4A-11D0-8D11-00A0C91BC942}") = "Do_While_Loop_C++", "Do_While_Loop_C++\Do_While_Loop_C++.vcxproj", "{46F33F34-65BC-439F-9508-7DD9F4F0221A}"
EndProject
Global
	GlobalSection(SolutionConfigurationPlatforms) = preSolution
		Debug|Win32 = Debug|Win32
		Release|Win32 = Release|Win32
	EndGlobalSection
	GlobalSection(ProjectConfigurationPlatforms) = postSolution
		{46F33F34-65BC-439F-9508-7DD9F4F0221A}.Debug|Win32.ActiveCfg = Debug|Win32
		{46F33F34-65BC-439F-9508-7DD9F4F0221A}.Debug|Win32.Build.0 = Debug|Win32
		{46F33F34-65BC-439F-9508-7DD9F4F0221A}.Release|Win32.ActiveCfg = Release|Win32
		{46F33F34-65BC-439F-9508-7DD9F4F0221A}.Release|Win32.Build.0 = Release|Win32
	EndGlobalSection
	GlobalSection(SolutionProperties) = preSolution
		HideSolutionNode = FALSE
	EndGlobalSection
EndGlobal
