
Microsoft Visual Studio Solution File, Format Version 12.00
# Visual Studio 2013
VisualStudioVersion = 12.0.21005.1
MinimumVisualStudioVersion = 10.0.40219.1
Project("{8BC9CEB8-8B4A-11D0-8D11-00A0C91BC942}") = "Arrays_And_Classes_Review_C++", "Arrays_And_Classes_Review_C++\Arrays_And_Classes_Review_C++.vcxproj", "{C4B80F0C-81BD-402B-B9A3-DFE897C42BC8}"
EndProject
Global
	GlobalSection(SolutionConfigurationPlatforms) = preSolution
		Debug|Win32 = Debug|Win32
		Release|Win32 = Release|Win32
	EndGlobalSection
	GlobalSection(ProjectConfigurationPlatforms) = postSolution
		{C4B80F0C-81BD-402B-B9A3-DFE897C42BC8}.Debug|Win32.ActiveCfg = Debug|Win32
		{C4B80F0C-81BD-402B-B9A3-DFE897C42BC8}.Debug|Win32.Build.0 = Debug|Win32
		{C4B80F0C-81BD-402B-B9A3-DFE897C42BC8}.Release|Win32.ActiveCfg = Release|Win32
		{C4B80F0C-81BD-402B-B9A3-DFE897C42BC8}.Release|Win32.Build.0 = Release|Win32
	EndGlobalSection
	GlobalSection(SolutionProperties) = preSolution
		HideSolutionNode = FALSE
	EndGlobalSection
EndGlobal
